
Microsoft Visual Studio Solution File, Format Version 12.00
# Visual Studio 14
VisualStudioVersion = 14.0.25420.1
MinimumVisualStudioVersion = 10.0.40219.1
Project("{FAE04EC0-301F-11D3-BF4B-00C04F79EFBC}") = "ThinkCrm.Core.Tests", "ThinkCrm.Core.Tests\ThinkCrm.Core.Tests.csproj", "{BF6F8373-EE09-4CA6-A4C5-15400CB4885D}"
EndProject
Project("{FAE04EC0-301F-11D3-BF4B-00C04F79EFBC}") = "ThinkCrm.Core", "ThinkCrm.Core\ThinkCrm.Core.csproj", "{D6F4C970-D63A-4DB7-9153-B776F6491224}"
EndProject
Project("{FF286327-C783-4F7A-AB73-9BCBAD0D4460}") = "ThinkCrm.Core.NugetPackaging", "ThinkCrm.Core.NugetPackaging\ThinkCrm.Core.NugetPackaging.nuproj", "{069BDF2F-06D7-4866-AB94-27FAEC88283F}"
EndProject
Global
	GlobalSection(SolutionConfigurationPlatforms) = preSolution
		Debug|Any CPU = Debug|Any CPU
		Release|Any CPU = Release|Any CPU
	EndGlobalSection
	GlobalSection(ProjectConfigurationPlatforms) = postSolution
		{BF6F8373-EE09-4CA6-A4C5-15400CB4885D}.Debug|Any CPU.ActiveCfg = Debug|Any CPU
		{BF6F8373-EE09-4CA6-A4C5-15400CB4885D}.Debug|Any CPU.Build.0 = Debug|Any CPU
		{BF6F8373-EE09-4CA6-A4C5-15400CB4885D}.Release|Any CPU.ActiveCfg = Release|Any CPU
		{BF6F8373-EE09-4CA6-A4C5-15400CB4885D}.Release|Any CPU.Build.0 = Release|Any CPU
		{D6F4C970-D63A-4DB7-9153-B776F6491224}.Debug|Any CPU.ActiveCfg = Debug|Any CPU
		{D6F4C970-D63A-4DB7-9153-B776F6491224}.Debug|Any CPU.Build.0 = Debug|Any CPU
		{D6F4C970-D63A-4DB7-9153-B776F6491224}.Release|Any CPU.ActiveCfg = Release|Any CPU
		{D6F4C970-D63A-4DB7-9153-B776F6491224}.Release|Any CPU.Build.0 = Release|Any CPU
		{069BDF2F-06D7-4866-AB94-27FAEC88283F}.Debug|Any CPU.ActiveCfg = Debug|Any CPU
		{069BDF2F-06D7-4866-AB94-27FAEC88283F}.Debug|Any CPU.Build.0 = Debug|Any CPU
		{069BDF2F-06D7-4866-AB94-27FAEC88283F}.Release|Any CPU.ActiveCfg = Release|Any CPU
		{069BDF2F-06D7-4866-AB94-27FAEC88283F}.Release|Any CPU.Build.0 = Release|Any CPU
	EndGlobalSection
	GlobalSection(SolutionProperties) = preSolution
		HideSolutionNode = FALSE
	EndGlobalSection
EndGlobal
