
Microsoft Visual Studio Solution File, Format Version 12.00
# Visual Studio Version 17
VisualStudioVersion = 17.1.32319.34
MinimumVisualStudioVersion = 10.0.40219.1
Project("{FAE04EC0-301F-11D3-BF4B-00C04F79EFBC}") = "ThinkCrm.Core.Tests", "ThinkCrm.Core.Tests\ThinkCrm.Core.Tests.csproj", "{BF6F8373-EE09-4CA6-A4C5-15400CB4885D}"
EndProject
Project("{FAE04EC0-301F-11D3-BF4B-00C04F79EFBC}") = "ThinkCrm.Core", "ThinkCrm.Core\ThinkCrm.Core.csproj", "{402BDE4B-01E1-4DF4-8973-345DC8F3D3C8}"
EndProject
Global
	GlobalSection(SolutionConfigurationPlatforms) = preSolution
		Debug|Any CPU = Debug|Any CPU
		Release|Any CPU = Release|Any CPU
	EndGlobalSection
	GlobalSection(ProjectConfigurationPlatforms) = postSolution
		{BF6F8373-EE09-4CA6-A4C5-15400CB4885D}.Debug|Any CPU.ActiveCfg = Debug|Any CPU
		{BF6F8373-EE09-4CA6-A4C5-15400CB4885D}.Debug|Any CPU.Build.0 = Debug|Any CPU
		{BF6F8373-EE09-4CA6-A4C5-15400CB4885D}.Release|Any CPU.ActiveCfg = Release|Any CPU
		{BF6F8373-EE09-4CA6-A4C5-15400CB4885D}.Release|Any CPU.Build.0 = Release|Any CPU
		{402BDE4B-01E1-4DF4-8973-345DC8F3D3C8}.Debug|Any CPU.ActiveCfg = Debug|Any CPU
		{402BDE4B-01E1-4DF4-8973-345DC8F3D3C8}.Debug|Any CPU.Build.0 = Debug|Any CPU
		{402BDE4B-01E1-4DF4-8973-345DC8F3D3C8}.Release|Any CPU.ActiveCfg = Release|Any CPU
		{402BDE4B-01E1-4DF4-8973-345DC8F3D3C8}.Release|Any CPU.Build.0 = Release|Any CPU
	EndGlobalSection
	GlobalSection(SolutionProperties) = preSolution
		HideSolutionNode = FALSE
	EndGlobalSection
	GlobalSection(ExtensibilityGlobals) = postSolution
		SolutionGuid = {7655D649-0252-4D08-BDAC-8D61C57FD09F}
	EndGlobalSection
EndGlobal
